
Microsoft Visual Studio Solution File, Format Version 12.00
# Visual Studio Version 16
VisualStudioVersion = 16.0.30709.132
MinimumVisualStudioVersion = 10.0.40219.1
Project("{FAE04EC0-301F-11D3-BF4B-00C04F79EFBC}") = "BluetoothRelayApp.Android", "BluetoothRelayApp.Android\BluetoothRelayApp.Android.csproj", "{904270E0-01CC-481E-A09C-BE265B45DA57}"
EndProject
Project("{FAE04EC0-301F-11D3-BF4B-00C04F79EFBC}") = "BluetoothRelayApp.iOS", "BluetoothRelayApp.iOS\BluetoothRelayApp.iOS.csproj", "{D0E6BC17-CDFC-4AB7-B1EA-8E82AE8DCDCE}"
EndProject
Project("{FAE04EC0-301F-11D3-BF4B-00C04F79EFBC}") = "BluetoothRelayApp", "BluetoothRelayApp\BluetoothRelayApp.csproj", "{193C17B7-8823-473F-AD7A-2D0A8D933147}"
EndProject
Global
	GlobalSection(SolutionConfigurationPlatforms) = preSolution
		Debug|Any CPU = Debug|Any CPU
		Debug|iPhone = Debug|iPhone
		Debug|iPhoneSimulator = Debug|iPhoneSimulator
		Release|Any CPU = Release|Any CPU
		Release|iPhone = Release|iPhone
		Release|iPhoneSimulator = Release|iPhoneSimulator
	EndGlobalSection
	GlobalSection(ProjectConfigurationPlatforms) = postSolution
		{904270E0-01CC-481E-A09C-BE265B45DA57}.Debug|Any CPU.ActiveCfg = Debug|Any CPU
		{904270E0-01CC-481E-A09C-BE265B45DA57}.Debug|Any CPU.Build.0 = Debug|Any CPU
		{904270E0-01CC-481E-A09C-BE265B45DA57}.Debug|Any CPU.Deploy.0 = Debug|Any CPU
		{904270E0-01CC-481E-A09C-BE265B45DA57}.Debug|iPhone.ActiveCfg = Debug|Any CPU
		{904270E0-01CC-481E-A09C-BE265B45DA57}.Debug|iPhone.Build.0 = Debug|Any CPU
		{904270E0-01CC-481E-A09C-BE265B45DA57}.Debug|iPhone.Deploy.0 = Debug|Any CPU
		{904270E0-01CC-481E-A09C-BE265B45DA57}.Debug|iPhoneSimulator.ActiveCfg = Debug|Any CPU
		{904270E0-01CC-481E-A09C-BE265B45DA57}.Debug|iPhoneSimulator.Build.0 = Debug|Any CPU
		{904270E0-01CC-481E-A09C-BE265B45DA57}.Debug|iPhoneSimulator.Deploy.0 = Debug|Any CPU
		{904270E0-01CC-481E-A09C-BE265B45DA57}.Release|Any CPU.ActiveCfg = Release|Any CPU
		{904270E0-01CC-481E-A09C-BE265B45DA57}.Release|Any CPU.Build.0 = Release|Any CPU
		{904270E0-01CC-481E-A09C-BE265B45DA57}.Release|Any CPU.Deploy.0 = Release|Any CPU
		{904270E0-01CC-481E-A09C-BE265B45DA57}.Release|iPhone.ActiveCfg = Release|Any CPU
		{904270E0-01CC-481E-A09C-BE265B45DA57}.Release|iPhone.Build.0 = Release|Any CPU
		{904270E0-01CC-481E-A09C-BE265B45DA57}.Release|iPhone.Deploy.0 = Release|Any CPU
		{904270E0-01CC-481E-A09C-BE265B45DA57}.Release|iPhoneSimulator.ActiveCfg = Release|Any CPU
		{904270E0-01CC-481E-A09C-BE265B45DA57}.Release|iPhoneSimulator.Build.0 = Release|Any CPU
		{904270E0-01CC-481E-A09C-BE265B45DA57}.Release|iPhoneSimulator.Deploy.0 = Release|Any CPU
		{D0E6BC17-CDFC-4AB7-B1EA-8E82AE8DCDCE}.Debug|Any CPU.ActiveCfg = Debug|iPhone
		{D0E6BC17-CDFC-4AB7-B1EA-8E82AE8DCDCE}.Debug|Any CPU.Build.0 = Debug|iPhone
		{D0E6BC17-CDFC-4AB7-B1EA-8E82AE8DCDCE}.Debug|Any CPU.Deploy.0 = Debug|iPhone
		{D0E6BC17-CDFC-4AB7-B1EA-8E82AE8DCDCE}.Debug|iPhone.ActiveCfg = Debug|iPhone
		{D0E6BC17-CDFC-4AB7-B1EA-8E82AE8DCDCE}.Debug|iPhone.Build.0 = Debug|iPhone
		{D0E6BC17-CDFC-4AB7-B1EA-8E82AE8DCDCE}.Debug|iPhone.Deploy.0 = Debug|iPhone
		{D0E6BC17-CDFC-4AB7-B1EA-8E82AE8DCDCE}.Debug|iPhoneSimulator.ActiveCfg = Debug|iPhoneSimulator
		{D0E6BC17-CDFC-4AB7-B1EA-8E82AE8DCDCE}.Debug|iPhoneSimulator.Build.0 = Debug|iPhoneSimulator
		{D0E6BC17-CDFC-4AB7-B1EA-8E82AE8DCDCE}.Debug|iPhoneSimulator.Deploy.0 = Debug|iPhoneSimulator
		{D0E6BC17-CDFC-4AB7-B1EA-8E82AE8DCDCE}.Release|Any CPU.ActiveCfg = Release|iPhoneSimulator
		{D0E6BC17-CDFC-4AB7-B1EA-8E82AE8DCDCE}.Release|Any CPU.Build.0 = Release|iPhoneSimulator
		{D0E6BC17-CDFC-4AB7-B1EA-8E82AE8DCDCE}.Release|Any CPU.Deploy.0 = Release|iPhoneSimulator
		{D0E6BC17-CDFC-4AB7-B1EA-8E82AE8DCDCE}.Release|iPhone.ActiveCfg = Release|iPhone
		{D0E6BC17-CDFC-4AB7-B1EA-8E82AE8DCDCE}.Release|iPhone.Build.0 = Release|iPhone
		{D0E6BC17-CDFC-4AB7-B1EA-8E82AE8DCDCE}.Release|iPhone.Deploy.0 = Release|iPhone
		{D0E6BC17-CDFC-4AB7-B1EA-8E82AE8DCDCE}.Release|iPhoneSimulator.ActiveCfg = Release|iPhoneSimulator
		{D0E6BC17-CDFC-4AB7-B1EA-8E82AE8DCDCE}.Release|iPhoneSimulator.Build.0 = Release|iPhoneSimulator
		{D0E6BC17-CDFC-4AB7-B1EA-8E82AE8DCDCE}.Release|iPhoneSimulator.Deploy.0 = Release|iPhoneSimulator
		{193C17B7-8823-473F-AD7A-2D0A8D933147}.Debug|Any CPU.ActiveCfg = Debug|Any CPU
		{193C17B7-8823-473F-AD7A-2D0A8D933147}.Debug|Any CPU.Build.0 = Debug|Any CPU
		{193C17B7-8823-473F-AD7A-2D0A8D933147}.Debug|Any CPU.Deploy.0 = Debug|Any CPU
		{193C17B7-8823-473F-AD7A-2D0A8D933147}.Debug|iPhone.ActiveCfg = Debug|Any CPU
		{193C17B7-8823-473F-AD7A-2D0A8D933147}.Debug|iPhone.Build.0 = Debug|Any CPU
		{193C17B7-8823-473F-AD7A-2D0A8D933147}.Debug|iPhone.Deploy.0 = Debug|Any CPU
		{193C17B7-8823-473F-AD7A-2D0A8D933147}.Debug|iPhoneSimulator.ActiveCfg = Debug|Any CPU
		{193C17B7-8823-473F-AD7A-2D0A8D933147}.Debug|iPhoneSimulator.Build.0 = Debug|Any CPU
		{193C17B7-8823-473F-AD7A-2D0A8D933147}.Debug|iPhoneSimulator.Deploy.0 = Debug|Any CPU
		{193C17B7-8823-473F-AD7A-2D0A8D933147}.Release|Any CPU.ActiveCfg = Release|Any CPU
		{193C17B7-8823-473F-AD7A-2D0A8D933147}.Release|Any CPU.Build.0 = Release|Any CPU
		{193C17B7-8823-473F-AD7A-2D0A8D933147}.Release|Any CPU.Deploy.0 = Release|Any CPU
		{193C17B7-8823-473F-AD7A-2D0A8D933147}.Release|iPhone.ActiveCfg = Release|Any CPU
		{193C17B7-8823-473F-AD7A-2D0A8D933147}.Release|iPhone.Build.0 = Release|Any CPU
		{193C17B7-8823-473F-AD7A-2D0A8D933147}.Release|iPhone.Deploy.0 = Release|Any CPU
		{193C17B7-8823-473F-AD7A-2D0A8D933147}.Release|iPhoneSimulator.ActiveCfg = Release|Any CPU
		{193C17B7-8823-473F-AD7A-2D0A8D933147}.Release|iPhoneSimulator.Build.0 = Release|Any CPU
		{193C17B7-8823-473F-AD7A-2D0A8D933147}.Release|iPhoneSimulator.Deploy.0 = Release|Any CPU
	EndGlobalSection
	GlobalSection(SolutionProperties) = preSolution
		HideSolutionNode = FALSE
	EndGlobalSection
	GlobalSection(ExtensibilityGlobals) = postSolution
		SolutionGuid = {D4F48067-0FE5-4553-A193-F23C98EBFD38}
	EndGlobalSection
EndGlobal
